
Microsoft Visual Studio Solution File, Format Version 11.00
# Visual Studio 2010
Project("{E24C65DC-7377-472B-9ABA-BC803B73C61A}") = "estoque", "http://localhost/estoque", "{5D8C3FEB-7E4C-4B2B-9CC2-D9F302BCA8E7}"
	ProjectSection(WebsiteProperties) = preProject
		SccProjectName = ""
		SccAuxPath = ""
		SccLocalPath = ""
		SccProvider = ""
		UseIISExpress = "false"
		TargetFrameworkMoniker = ".NETFramework,Version%3Dv4.0"
		Debug.AspNetCompiler.VirtualPath = "/estoque"
		Debug.AspNetCompiler.PhysicalPath = "..\estoque\"
		Debug.AspNetCompiler.TargetPath = "PrecompiledWeb\estoque\"
		Debug.AspNetCompiler.Updateable = "true"
		Debug.AspNetCompiler.ForceOverwrite = "true"
		Debug.AspNetCompiler.FixedNames = "false"
		Debug.AspNetCompiler.Debug = "True"
		Release.AspNetCompiler.VirtualPath = "/estoque"
		Release.AspNetCompiler.PhysicalPath = "..\estoque\"
		Release.AspNetCompiler.TargetPath = "PrecompiledWeb\estoque\"
		Release.AspNetCompiler.Updateable = "true"
		Release.AspNetCompiler.ForceOverwrite = "true"
		Release.AspNetCompiler.FixedNames = "false"
		Release.AspNetCompiler.Debug = "False"
		SlnRelativePath = "..\..\..\..\..\..\estoque\"
	EndProjectSection
EndProject
Global
	GlobalSection(SolutionConfigurationPlatforms) = preSolution
		Debug|Any CPU = Debug|Any CPU
	EndGlobalSection
	GlobalSection(ProjectConfigurationPlatforms) = postSolution
		{5D8C3FEB-7E4C-4B2B-9CC2-D9F302BCA8E7}.Debug|Any CPU.ActiveCfg = Debug|Any CPU
		{5D8C3FEB-7E4C-4B2B-9CC2-D9F302BCA8E7}.Debug|Any CPU.Build.0 = Debug|Any CPU
	EndGlobalSection
	GlobalSection(SolutionProperties) = preSolution
		HideSolutionNode = FALSE
	EndGlobalSection
EndGlobal
